# THIS IS AN AUTOGENERATED FILE. DO NOT EDIT THIS FILE DIRECTLY.
# yarn lockfile v1


dns-packet@^1.0.1:
  version "1.1.1"
  resolved "https://registry.yarnpkg.com/dns-packet/-/dns-packet-1.1.1.tgz#2369d45038af045f3898e6fa56862aed3f40296c"
  dependencies:
    ip "^1.1.0"
    safe-buffer "^5.0.1"

ip@^1.1.0:
  version "1.1.5"
  resolved "https://registry.yarnpkg.com/ip/-/ip-1.1.5.tgz#bdded70114290828c0a039e72ef25f5aaec4354a"

multicast-dns@^6.1.1:
  version "6.1.1"
  resolved "https://registry.yarnpkg.com/multicast-dns/-/multicast-dns-6.1.1.tgz#6e7de86a570872ab17058adea7160bbeca814dde"
  dependencies:
    dns-packet "^1.0.1"
    thunky "^0.1.0"

safe-buffer@^5.0.1:
  version "5.0.1"
  resolved "https://registry.yarnpkg.com/safe-buffer/-/safe-buffer-5.0.1.tgz#d263ca54696cd8a306b5ca6551e92de57918fbe7"

thunky@^0.1.0:
  version "0.1.0"
  resolved "https://registry.yarnpkg.com/thunky/-/thunky-0.1.0.tgz#bf30146824e2b6e67b0f2d7a4ac8beb26908684e"
